// !$*UTF8*$!
{
	archiveVersion = 1;
	classes = {
	};
	objectVersion = 50;
	objects = {

/* Begin PBXBuildFile section */
		7C3E3E7222D8DA3B005F9D85 /* AppDelegate.swift in Sources */ = {isa = PBXBuildFile; fileRef = 7C3E3E7122D8DA3B005F9D85 /* AppDelegate.swift */; };
		7C3E3E7722D8DA3B005F9D85 /* Main.storyboard in Resources */ = {isa = PBXBuildFile; fileRef = 7C3E3E7522D8DA3B005F9D85 /* Main.storyboard */; };
		7C3E3E7922D8DA3C005F9D85 /* Assets.xcassets in Resources */ = {isa = PBXBuildFile; fileRef = 7C3E3E7822D8DA3C005F9D85 /* Assets.xcassets */; };
		7C3E3E7C22D8DA3C005F9D85 /* LaunchScreen.storyboard in Resources */ = {isa = PBXBuildFile; fileRef = 7C3E3E7A22D8DA3C005F9D85 /* LaunchScreen.storyboard */; };
		7C3E3E8A22D8DAEE005F9D85 /* Contact.swift in Sources */ = {isa = PBXBuildFile; fileRef = 7C3E3E8922D8DAEE005F9D85 /* Contact.swift */; };
		7C3E3E8C22D8E005005F9D85 /* ContactController.swift in Sources */ = {isa = PBXBuildFile; fileRef = 7C3E3E8B22D8E005005F9D85 /* ContactController.swift */; };
/* End PBXBuildFile section */

/* Begin PBXFileReference section */
		7C3E3E6E22D8DA3B005F9D85 /* Assessment5.app */ = {isa = PBXFileReference; explicitFileType = wrapper.application; includeInIndex = 0; path = Assessment5.app; sourceTree = BUILT_PRODUCTS_DIR; };
		7C3E3E7122D8DA3B005F9D85 /* AppDelegate.swift */ = {isa = PBXFileReference; lastKnownFileType = sourcecode.swift; path = AppDelegate.swift; sourceTree = "<group>"; };
		7C3E3E7622D8DA3B005F9D85 /* Base */ = {isa = PBXFileReference; lastKnownFileType = file.storyboard; name = Base; path = Base.lproj/Main.storyboard; sourceTree = "<group>"; };
		7C3E3E7822D8DA3C005F9D85 /* Assets.xcassets */ = {isa = PBXFileReference; lastKnownFileType = folder.assetcatalog; path = Assets.xcassets; sourceTree = "<group>"; };
		7C3E3E7B22D8DA3C005F9D85 /* Base */ = {isa = PBXFileReference; lastKnownFileType = file.storyboard; name = Base; path = Base.lproj/LaunchScreen.storyboard; sourceTree = "<group>"; };
		7C3E3E7D22D8DA3C005F9D85 /* Info.plist */ = {isa = PBXFileReference; lastKnownFileType = text.plist.xml; path = Info.plist; sourceTree = "<group>"; };
		7C3E3E8922D8DAEE005F9D85 /* Contact.swift */ = {isa = PBXFileReference; lastKnownFileType = sourcecode.swift; path = Contact.swift; sourceTree = "<group>"; };
		7C3E3E8B22D8E005005F9D85 /* ContactController.swift */ = {isa = PBXFileReference; lastKnownFileType = sourcecode.swift; path = ContactController.swift; sourceTree = "<group>"; };
/* End PBXFileReference section */

/* Begin PBXFrameworksBuildPhase section */
		7C3E3E6B22D8DA3B005F9D85 /* Frameworks */ = {
			isa = PBXFrameworksBuildPhase;
			buildActionMask = 2147483647;
			files = (
			);
			runOnlyForDeploymentPostprocessing = 0;
		};
/* End PBXFrameworksBuildPhase section */

/* Begin PBXGroup section */
		7C3E3E6522D8DA3B005F9D85 = {
			isa = PBXGroup;
			children = (
				7C3E3E7022D8DA3B005F9D85 /* Assessment5 */,
				7C3E3E6F22D8DA3B005F9D85 /* Products */,
			);
			sourceTree = "<group>";
		};
		7C3E3E6F22D8DA3B005F9D85 /* Products */ = {
			isa = PBXGroup;
			children = (
				7C3E3E6E22D8DA3B005F9D85 /* Assessment5.app */,
			);
			name = Products;
			sourceTree = "<group>";
		};
		7C3E3E7022D8DA3B005F9D85 /* Assessment5 */ = {
			isa = PBXGroup;
			children = (
				7C3E3E8622D8DABC005F9D85 /* Controllers */,
				7C3E3E8522D8DAAF005F9D85 /* Storyboard */,
				7C3E3E8422D8DAA0005F9D85 /* Model */,
				7C3E3E8322D8DA8C005F9D85 /* Resources */,
			);
			path = Assessment5;
			sourceTree = "<group>";
		};
		7C3E3E8322D8DA8C005F9D85 /* Resources */ = {
			isa = PBXGroup;
			children = (
				7C3E3E7122D8DA3B005F9D85 /* AppDelegate.swift */,
				7C3E3E7822D8DA3C005F9D85 /* Assets.xcassets */,
				7C3E3E7A22D8DA3C005F9D85 /* LaunchScreen.storyboard */,
				7C3E3E7D22D8DA3C005F9D85 /* Info.plist */,
			);
			path = Resources;
			sourceTree = "<group>";
		};
		7C3E3E8422D8DAA0005F9D85 /* Model */ = {
			isa = PBXGroup;
			children = (
				7C3E3E8922D8DAEE005F9D85 /* Contact.swift */,
			);
			path = Model;
			sourceTree = "<group>";
		};
		7C3E3E8522D8DAAF005F9D85 /* Storyboard */ = {
			isa = PBXGroup;
			children = (
				7C3E3E7522D8DA3B005F9D85 /* Main.storyboard */,
			);
			path = Storyboard;
			sourceTree = "<group>";
		};
		7C3E3E8622D8DABC005F9D85 /* Controllers */ = {
			isa = PBXGroup;
			children = (
				7C3E3E8822D8DAC8005F9D85 /* ModelControllers */,
				7C3E3E8722D8DAC1005F9D85 /* ViewControllers */,
			);
			path = Controllers;
			sourceTree = "<group>";
		};
		7C3E3E8722D8DAC1005F9D85 /* ViewControllers */ = {
			isa = PBXGroup;
			children = (
			);
			path = ViewControllers;
			sourceTree = "<group>";
		};
		7C3E3E8822D8DAC8005F9D85 /* ModelControllers */ = {
			isa = PBXGroup;
			children = (
				7C3E3E8B22D8E005005F9D85 /* ContactController.swift */,
			);
			path = ModelControllers;
			sourceTree = "<group>";
		};
/* End PBXGroup section */

/* Begin PBXNativeTarget section */
		7C3E3E6D22D8DA3B005F9D85 /* Assessment5 */ = {
			isa = PBXNativeTarget;
			buildConfigurationList = 7C3E3E8022D8DA3C005F9D85 /* Build configuration list for PBXNativeTarget "Assessment5" */;
			buildPhases = (
				7C3E3E6A22D8DA3B005F9D85 /* Sources */,
				7C3E3E6B22D8DA3B005F9D85 /* Frameworks */,
				7C3E3E6C22D8DA3B005F9D85 /* Resources */,
			);
			buildRules = (
			);
			dependencies = (
			);
			name = Assessment5;
			productName = Assessment5;
			productReference = 7C3E3E6E22D8DA3B005F9D85 /* Assessment5.app */;
			productType = "com.apple.product-type.application";
		};
/* End PBXNativeTarget section */

/* Begin PBXProject section */
		7C3E3E6622D8DA3B005F9D85 /* Project object */ = {
			isa = PBXProject;
			attributes = {
				LastSwiftUpdateCheck = 1020;
				LastUpgradeCheck = 1020;
				ORGANIZATIONNAME = "Nic Gibson";
				TargetAttributes = {
					7C3E3E6D22D8DA3B005F9D85 = {
						CreatedOnToolsVersion = 10.2.1;
					};
				};
			};
			buildConfigurationList = 7C3E3E6922D8DA3B005F9D85 /* Build configuration list for PBXProject "Assessment5" */;
			compatibilityVersion = "Xcode 9.3";
			developmentRegion = en;
			hasScannedForEncodings = 0;
			knownRegions = (
				en,
				Base,
			);
			mainGroup = 7C3E3E6522D8DA3B005F9D85;
			productRefGroup = 7C3E3E6F22D8DA3B005F9D85 /* Products */;
			projectDirPath = "";
			projectRoot = "";
			targets = (
				7C3E3E6D22D8DA3B005F9D85 /* Assessment5 */,
			);
		};
/* End PBXProject section */

/* Begin PBXResourcesBuildPhase section */
		7C3E3E6C22D8DA3B005F9D85 /* Resources */ = {
			isa = PBXResourcesBuildPhase;
			buildActionMask = 2147483647;
			files = (
				7C3E3E7C22D8DA3C005F9D85 /* LaunchScreen.storyboard in Resources */,
				7C3E3E7922D8DA3C005F9D85 /* Assets.xcassets in Resources */,
				7C3E3E7722D8DA3B005F9D85 /* Main.storyboard in Resources */,
			);
			runOnlyForDeploymentPostprocessing = 0;
		};
/* End PBXResourcesBuildPhase section */

/* Begin PBXSourcesBuildPhase section */
		7C3E3E6A22D8DA3B005F9D85 /* Sources */ = {
			isa = PBXSourcesBuildPhase;
			buildActionMask = 2147483647;
			files = (
				7C3E3E8A22D8DAEE005F9D85 /* Contact.swift in Sources */,
				7C3E3E7222D8DA3B005F9D85 /* AppDelegate.swift in Sources */,
				7C3E3E8C22D8E005005F9D85 /* ContactController.swift in Sources */,
			);
			runOnlyForDeploymentPostprocessing = 0;
		};
/* End PBXSourcesBuildPhase section */

/* Begin PBXVariantGroup section */
		7C3E3E7522D8DA3B005F9D85 /* Main.storyboard */ = {
			isa = PBXVariantGroup;
			children = (
				7C3E3E7622D8DA3B005F9D85 /* Base */,
			);
			name = Main.storyboard;
			sourceTree = "<group>";
		};
		7C3E3E7A22D8DA3C005F9D85 /* LaunchScreen.storyboard */ = {
			isa = PBXVariantGroup;
			children = (
				7C3E3E7B22D8DA3C005F9D85 /* Base */,
			);
			name = LaunchScreen.storyboard;
			sourceTree = "<group>";
		};
/* End PBXVariantGroup section */

/* Begin XCBuildConfiguration section */
		7C3E3E7E22D8DA3C005F9D85 /* Debug */ = {
			isa = XCBuildConfiguration;
			buildSettings = {
				ALWAYS_SEARCH_USER_PATHS = NO;
				CLANG_ANALYZER_NONNULL = YES;
				CLANG_ANALYZER_NUMBER_OBJECT_CONVERSION = YES_AGGRESSIVE;
				CLANG_CXX_LANGUAGE_STANDARD = "gnu++14";
				CLANG_CXX_LIBRARY = "libc++";
				CLANG_ENABLE_MODULES = YES;
				CLANG_ENABLE_OBJC_ARC = YES;
				CLANG_ENABLE_OBJC_WEAK = YES;
				CLANG_WARN_BLOCK_CAPTURE_AUTORELEASING = YES;
				CLANG_WARN_BOOL_CONVERSION = YES;
				CLANG_WARN_COMMA = YES;
				CLANG_WARN_CONSTANT_CONVERSION = YES;
				CLANG_WARN_DEPRECATED_OBJC_IMPLEMENTATIONS = YES;
				CLANG_WARN_DIRECT_OBJC_ISA_USAGE = YES_ERROR;
				CLANG_WARN_DOCUMENTATION_COMMENTS = YES;
				CLANG_WARN_EMPTY_BODY = YES;
				CLANG_WARN_ENUM_CONVERSION = YES;
				CLANG_WARN_INFINITE_RECURSION = YES;
				CLANG_WARN_INT_CONVERSION = YES;
				CLANG_WARN_NON_LITERAL_NULL_CONVERSION = YES;
				CLANG_WARN_OBJC_IMPLICIT_RETAIN_SELF = YES;
				CLANG_WARN_OBJC_LITERAL_CONVERSION = YES;
				CLANG_WARN_OBJC_ROOT_CLASS = YES_ERROR;
				CLANG_WARN_RANGE_LOOP_ANALYSIS = YES;
				CLANG_WARN_STRICT_PROTOTYPES = YES;
				CLANG_WARN_SUSPICIOUS_MOVE = YES;
				CLANG_WARN_UNGUARDED_AVAILABILITY = YES_AGGRESSIVE;
				CLANG_WARN_UNREACHABLE_CODE = YES;
				CLANG_WARN__DUPLICATE_METHOD_MATCH = YES;
				CODE_SIGN_IDENTITY = "iPhone Developer";
				COPY_PHASE_STRIP = NO;
				DEBUG_INFORMATION_FORMAT = dwarf;
				ENABLE_STRICT_OBJC_MSGSEND = YES;
				ENABLE_TESTABILITY = YES;
				GCC_C_LANGUAGE_STANDARD = gnu11;
				GCC_DYNAMIC_NO_PIC = NO;
				GCC_NO_COMMON_BLOCKS = YES;
				GCC_OPTIMIZATION_LEVEL = 0;
				GCC_PREPROCESSOR_DEFINITIONS = (
					"DEBUG=1",
					"$(inherited)",
				);
				GCC_WARN_64_TO_32_BIT_CONVERSION = YES;
				GCC_WARN_ABOUT_RETURN_TYPE = YES_ERROR;
				GCC_WARN_UNDECLARED_SELECTOR = YES;
				GCC_WARN_UNINITIALIZED_AUTOS = YES_AGGRESSIVE;
				GCC_WARN_UNUSED_FUNCTION = YES;
				GCC_WARN_UNUSED_VARIABLE = YES;
				IPHONEOS_DEPLOYMENT_TARGET = 12.2;
				MTL_ENABLE_DEBUG_INFO = INCLUDE_SOURCE;
				MTL_FAST_MATH = YES;
				ONLY_ACTIVE_ARCH = YES;
				SDKROOT = iphoneos;
				SWIFT_ACTIVE_COMPILATION_CONDITIONS = DEBUG;
				SWIFT_OPTIMIZATION_LEVEL = "-Onone";
			};
			name = Debug;
		};
		7C3E3E7F22D8DA3C005F9D85 /* Release */ = {
			isa = XCBuildConfiguration;
			buildSettings = {
				ALWAYS_SEARCH_USER_PATHS = NO;
				CLANG_ANALYZER_NONNULL = YES;
				CLANG_ANALYZER_NUMBER_OBJECT_CONVERSION = YES_AGGRESSIVE;
				CLANG_CXX_LANGUAGE_STANDARD = "gnu++14";
				CLANG_CXX_LIBRARY = "libc++";
				CLANG_ENABLE_MODULES = YES;
				CLANG_ENABLE_OBJC_ARC = YES;
				CLANG_ENABLE_OBJC_WEAK = YES;
				CLANG_WARN_BLOCK_CAPTURE_AUTORELEASING = YES;
				CLANG_WARN_BOOL_CONVERSION = YES;
				CLANG_WARN_COMMA = YES;
				CLANG_WARN_CONSTANT_CONVERSION = YES;
				CLANG_WARN_DEPRECATED_OBJC_IMPLEMENTATIONS = YES;
				CLANG_WARN_DIRECT_OBJC_ISA_USAGE = YES_ERROR;
				CLANG_WARN_DOCUMENTATION_COMMENTS = YES;
				CLANG_WARN_EMPTY_BODY = YES;
				CLANG_WARN_ENUM_CONVERSION = YES;
				CLANG_WARN_INFINITE_RECURSION = YES;
				CLANG_WARN_INT_CONVERSION = YES;
				CLANG_WARN_NON_LITERAL_NULL_CONVERSION = YES;
				CLANG_WARN_OBJC_IMPLICIT_RETAIN_SELF = YES;
				CLANG_WARN_OBJC_LITERAL_CONVERSION = YES;
				CLANG_WARN_OBJC_ROOT_CLASS = YES_ERROR;
				CLANG_WARN_RANGE_LOOP_ANALYSIS = YES;
				CLANG_WARN_STRICT_PROTOTYPES = YES;
				CLANG_WARN_SUSPICIOUS_MOVE = YES;
				CLANG_WARN_UNGUARDED_AVAILABILITY = YES_AGGRESSIVE;
				CLANG_WARN_UNREACHABLE_CODE = YES;
				CLANG_WARN__DUPLICATE_METHOD_MATCH = YES;
				CODE_SIGN_IDENTITY = "iPhone Developer";
				COPY_PHASE_STRIP = NO;
				DEBUG_INFORMATION_FORMAT = "dwarf-with-dsym";
				ENABLE_NS_ASSERTIONS = NO;
				ENABLE_STRICT_OBJC_MSGSEND = YES;
				GCC_C_LANGUAGE_STANDARD = gnu11;
				GCC_NO_COMMON_BLOCKS = YES;
				GCC_WARN_64_TO_32_BIT_CONVERSION = YES;
				GCC_WARN_ABOUT_RETURN_TYPE = YES_ERROR;
				GCC_WARN_UNDECLARED_SELECTOR = YES;
				GCC_WARN_UNINITIALIZED_AUTOS = YES_AGGRESSIVE;
				GCC_WARN_UNUSED_FUNCTION = YES;
				GCC_WARN_UNUSED_VARIABLE = YES;
				IPHONEOS_DEPLOYMENT_TARGET = 12.2;
				MTL_ENABLE_DEBUG_INFO = NO;
				MTL_FAST_MATH = YES;
				SDKROOT = iphoneos;
				SWIFT_COMPILATION_MODE = wholemodule;
				SWIFT_OPTIMIZATION_LEVEL = "-O";
				VALIDATE_PRODUCT = YES;
			};
			name = Release;
		};
		7C3E3E8122D8DA3C005F9D85 /* Debug */ = {
			isa = XCBuildConfiguration;
			buildSettings = {
				ASSETCATALOG_COMPILER_APPICON_NAME = AppIcon;
				CODE_SIGN_STYLE = Automatic;
				DEVELOPMENT_TEAM = 2HLC2FMZN4;
				INFOPLIST_FILE = "$(SRCROOT)/Assessment5/Resources/Info.plist";
				LD_RUNPATH_SEARCH_PATHS = (
					"$(inherited)",
					"@executable_path/Frameworks",
				);
				PRODUCT_BUNDLE_IDENTIFIER = com.interactivesportsapps.Assessment5;
				PRODUCT_NAME = "$(TARGET_NAME)";
				SWIFT_VERSION = 5.0;
				TARGETED_DEVICE_FAMILY = "1,2";
			};
			name = Debug;
		};
		7C3E3E8222D8DA3C005F9D85 /* Release */ = {
			isa = XCBuildConfiguration;
			buildSettings = {
				ASSETCATALOG_COMPILER_APPICON_NAME = AppIcon;
				CODE_SIGN_STYLE = Automatic;
				DEVELOPMENT_TEAM = 2HLC2FMZN4;
				INFOPLIST_FILE = "$(SRCROOT)/Assessment5/Resources/Info.plist";
				LD_RUNPATH_SEARCH_PATHS = (
					"$(inherited)",
					"@executable_path/Frameworks",
				);
				PRODUCT_BUNDLE_IDENTIFIER = com.interactivesportsapps.Assessment5;
				PRODUCT_NAME = "$(TARGET_NAME)";
				SWIFT_VERSION = 5.0;
				TARGETED_DEVICE_FAMILY = "1,2";
			};
			name = Release;
		};
/* End XCBuildConfiguration section */

/* Begin XCConfigurationList section */
		7C3E3E6922D8DA3B005F9D85 /* Build configuration list for PBXProject "Assessment5" */ = {
			isa = XCConfigurationList;
			buildConfigurations = (
				7C3E3E7E22D8DA3C005F9D85 /* Debug */,
				7C3E3E7F22D8DA3C005F9D85 /* Release */,
			);
			defaultConfigurationIsVisible = 0;
			defaultConfigurationName = Release;
		};
		7C3E3E8022D8DA3C005F9D85 /* Build configuration list for PBXNativeTarget "Assessment5" */ = {
			isa = XCConfigurationList;
			buildConfigurations = (
				7C3E3E8122D8DA3C005F9D85 /* Debug */,
				7C3E3E8222D8DA3C005F9D85 /* Release */,
			);
			defaultConfigurationIsVisible = 0;
			defaultConfigurationName = Release;
		};
/* End XCConfigurationList section */
	};
	rootObject = 7C3E3E6622D8DA3B005F9D85 /* Project object */;
}
